
Microsoft Visual Studio Solution File, Format Version 12.00
# Visual Studio 2013
VisualStudioVersion = 12.0.31101.0
MinimumVisualStudioVersion = 10.0.40219.1
Project("{FAE04EC0-301F-11D3-BF4B-00C04F79EFBC}") = "ColorCraft.Models", "ColorCraft.Models\ColorCraft.Models.csproj", "{C785E9DE-BEF3-4A11-9518-7312C2010983}"
EndProject
Project("{FAE04EC0-301F-11D3-BF4B-00C04F79EFBC}") = "ColorCraft.Data", "ColorCraft.Data\ColorCraft.Data.csproj", "{C2BC309A-DAF8-4D94-ACA8-02E7EB8B413E}"
EndProject
Project("{FAE04EC0-301F-11D3-BF4B-00C04F79EFBC}") = "ColorCraft.Services", "ColorCraft.Services\ColorCraft.Services.csproj", "{96C72678-D87A-43CD-A282-2689FB5B2484}"
EndProject
Global
	GlobalSection(SolutionConfigurationPlatforms) = preSolution
		Debug|Any CPU = Debug|Any CPU
		Release|Any CPU = Release|Any CPU
	EndGlobalSection
	GlobalSection(ProjectConfigurationPlatforms) = postSolution
		{C785E9DE-BEF3-4A11-9518-7312C2010983}.Debug|Any CPU.ActiveCfg = Debug|Any CPU
		{C785E9DE-BEF3-4A11-9518-7312C2010983}.Debug|Any CPU.Build.0 = Debug|Any CPU
		{C785E9DE-BEF3-4A11-9518-7312C2010983}.Release|Any CPU.ActiveCfg = Release|Any CPU
		{C785E9DE-BEF3-4A11-9518-7312C2010983}.Release|Any CPU.Build.0 = Release|Any CPU
		{C2BC309A-DAF8-4D94-ACA8-02E7EB8B413E}.Debug|Any CPU.ActiveCfg = Debug|Any CPU
		{C2BC309A-DAF8-4D94-ACA8-02E7EB8B413E}.Debug|Any CPU.Build.0 = Debug|Any CPU
		{C2BC309A-DAF8-4D94-ACA8-02E7EB8B413E}.Release|Any CPU.ActiveCfg = Release|Any CPU
		{C2BC309A-DAF8-4D94-ACA8-02E7EB8B413E}.Release|Any CPU.Build.0 = Release|Any CPU
		{96C72678-D87A-43CD-A282-2689FB5B2484}.Debug|Any CPU.ActiveCfg = Debug|Any CPU
		{96C72678-D87A-43CD-A282-2689FB5B2484}.Debug|Any CPU.Build.0 = Debug|Any CPU
		{96C72678-D87A-43CD-A282-2689FB5B2484}.Release|Any CPU.ActiveCfg = Release|Any CPU
		{96C72678-D87A-43CD-A282-2689FB5B2484}.Release|Any CPU.Build.0 = Release|Any CPU
	EndGlobalSection
	GlobalSection(SolutionProperties) = preSolution
		HideSolutionNode = FALSE
	EndGlobalSection
EndGlobal
